
Microsoft Visual Studio Solution File, Format Version 12.00
# Visual Studio Version 16
VisualStudioVersion = 16.0.29009.5
MinimumVisualStudioVersion = 10.0.40219.1
Project("{FAE04EC0-301F-11D3-BF4B-00C04F79EFBC}") = "Task_N1", "Task_N1\Task_N1.csproj", "{E9B47D11-ACB2-45DE-8942-7C3A032947C2}"
EndProject
Global
	GlobalSection(SolutionConfigurationPlatforms) = preSolution
		Debug|Any CPU = Debug|Any CPU
		Release|Any CPU = Release|Any CPU
	EndGlobalSection
	GlobalSection(ProjectConfigurationPlatforms) = postSolution
		{E9B47D11-ACB2-45DE-8942-7C3A032947C2}.Debug|Any CPU.ActiveCfg = Debug|Any CPU
		{E9B47D11-ACB2-45DE-8942-7C3A032947C2}.Debug|Any CPU.Build.0 = Debug|Any CPU
		{E9B47D11-ACB2-45DE-8942-7C3A032947C2}.Release|Any CPU.ActiveCfg = Release|Any CPU
		{E9B47D11-ACB2-45DE-8942-7C3A032947C2}.Release|Any CPU.Build.0 = Release|Any CPU
	EndGlobalSection
	GlobalSection(SolutionProperties) = preSolution
		HideSolutionNode = FALSE
	EndGlobalSection
	GlobalSection(ExtensibilityGlobals) = postSolution
		SolutionGuid = {F7E5E207-78BD-46DC-BA77-EBD9F14CD3DC}
	EndGlobalSection
EndGlobal
